
Microsoft Visual Studio Solution File, Format Version 11.00
# Visual Studio 2010
Project("{FAE04EC0-301F-11D3-BF4B-00C04F79EFBC}") = "Assembly-CSharp", "Assembly-CSharp.csproj", "{f084b629-16e6-9ccd-eff8-10a39db37a52}"
EndProject
Project("{FAE04EC0-301F-11D3-BF4B-00C04F79EFBC}") = "Economy.Shared.Unity", "Economy.Shared.Unity.csproj", "{c2362ba6-dee9-92b9-0779-f5fcf5968986}"
EndProject
Project("{FAE04EC0-301F-11D3-BF4B-00C04F79EFBC}") = "MessagePack", "MessagePack.csproj", "{c511ef21-dc27-883d-b027-9a4b6f36bae4}"
EndProject
Project("{FAE04EC0-301F-11D3-BF4B-00C04F79EFBC}") = "UniRx", "UniRx.csproj", "{4d885cb7-1f9e-abb3-b070-7265b432ecda}"
EndProject
Project("{FAE04EC0-301F-11D3-BF4B-00C04F79EFBC}") = "Assembly-CSharp-firstpass", "Assembly-CSharp-firstpass.csproj", "{a442877d-fc0d-6756-0a98-3ca4312f9253}"
EndProject
Project("{FAE04EC0-301F-11D3-BF4B-00C04F79EFBC}") = "Substance.EditorHelper", "Substance.EditorHelper.csproj", "{dd909206-f54e-1c12-ed74-b4e22d464f6a}"
EndProject
Project("{FAE04EC0-301F-11D3-BF4B-00C04F79EFBC}") = "Substance.Platform", "Substance.Platform.csproj", "{2ca9591a-f6e2-fafd-e598-0f0563c5ae57}"
EndProject
Project("{FAE04EC0-301F-11D3-BF4B-00C04F79EFBC}") = "Assembly-CSharp-Editor", "Assembly-CSharp-Editor.csproj", "{a7fc89e3-14ca-fb82-7d67-c13788bee74a}"
EndProject
Project("{FAE04EC0-301F-11D3-BF4B-00C04F79EFBC}") = "Assembly-CSharp-Editor-firstpass", "Assembly-CSharp-Editor-firstpass.csproj", "{b813e4c7-10f6-4f4d-0de5-991510834dc3}"
EndProject
Global
	GlobalSection(SolutionConfigurationPlatforms) = preSolution
		Debug|Any CPU = Debug|Any CPU
		Release|Any CPU = Release|Any CPU
	EndGlobalSection
	GlobalSection(ProjectConfigurationPlatforms) = postSolution
		{f084b629-16e6-9ccd-eff8-10a39db37a52}.Debug|Any CPU.ActiveCfg = Debug|Any CPU
		{f084b629-16e6-9ccd-eff8-10a39db37a52}.Debug|Any CPU.Build.0 = Debug|Any CPU
		{f084b629-16e6-9ccd-eff8-10a39db37a52}.Release|Any CPU.ActiveCfg = Release|Any CPU
		{f084b629-16e6-9ccd-eff8-10a39db37a52}.Release|Any CPU.Build.0 = Release|Any CPU
		{c2362ba6-dee9-92b9-0779-f5fcf5968986}.Debug|Any CPU.ActiveCfg = Debug|Any CPU
		{c2362ba6-dee9-92b9-0779-f5fcf5968986}.Debug|Any CPU.Build.0 = Debug|Any CPU
		{c2362ba6-dee9-92b9-0779-f5fcf5968986}.Release|Any CPU.ActiveCfg = Release|Any CPU
		{c2362ba6-dee9-92b9-0779-f5fcf5968986}.Release|Any CPU.Build.0 = Release|Any CPU
		{c511ef21-dc27-883d-b027-9a4b6f36bae4}.Debug|Any CPU.ActiveCfg = Debug|Any CPU
		{c511ef21-dc27-883d-b027-9a4b6f36bae4}.Debug|Any CPU.Build.0 = Debug|Any CPU
		{c511ef21-dc27-883d-b027-9a4b6f36bae4}.Release|Any CPU.ActiveCfg = Release|Any CPU
		{c511ef21-dc27-883d-b027-9a4b6f36bae4}.Release|Any CPU.Build.0 = Release|Any CPU
		{4d885cb7-1f9e-abb3-b070-7265b432ecda}.Debug|Any CPU.ActiveCfg = Debug|Any CPU
		{4d885cb7-1f9e-abb3-b070-7265b432ecda}.Debug|Any CPU.Build.0 = Debug|Any CPU
		{4d885cb7-1f9e-abb3-b070-7265b432ecda}.Release|Any CPU.ActiveCfg = Release|Any CPU
		{4d885cb7-1f9e-abb3-b070-7265b432ecda}.Release|Any CPU.Build.0 = Release|Any CPU
		{a442877d-fc0d-6756-0a98-3ca4312f9253}.Debug|Any CPU.ActiveCfg = Debug|Any CPU
		{a442877d-fc0d-6756-0a98-3ca4312f9253}.Debug|Any CPU.Build.0 = Debug|Any CPU
		{a442877d-fc0d-6756-0a98-3ca4312f9253}.Release|Any CPU.ActiveCfg = Release|Any CPU
		{a442877d-fc0d-6756-0a98-3ca4312f9253}.Release|Any CPU.Build.0 = Release|Any CPU
		{dd909206-f54e-1c12-ed74-b4e22d464f6a}.Debug|Any CPU.ActiveCfg = Debug|Any CPU
		{dd909206-f54e-1c12-ed74-b4e22d464f6a}.Debug|Any CPU.Build.0 = Debug|Any CPU
		{dd909206-f54e-1c12-ed74-b4e22d464f6a}.Release|Any CPU.ActiveCfg = Release|Any CPU
		{dd909206-f54e-1c12-ed74-b4e22d464f6a}.Release|Any CPU.Build.0 = Release|Any CPU
		{2ca9591a-f6e2-fafd-e598-0f0563c5ae57}.Debug|Any CPU.ActiveCfg = Debug|Any CPU
		{2ca9591a-f6e2-fafd-e598-0f0563c5ae57}.Debug|Any CPU.Build.0 = Debug|Any CPU
		{2ca9591a-f6e2-fafd-e598-0f0563c5ae57}.Release|Any CPU.ActiveCfg = Release|Any CPU
		{2ca9591a-f6e2-fafd-e598-0f0563c5ae57}.Release|Any CPU.Build.0 = Release|Any CPU
		{a7fc89e3-14ca-fb82-7d67-c13788bee74a}.Debug|Any CPU.ActiveCfg = Debug|Any CPU
		{a7fc89e3-14ca-fb82-7d67-c13788bee74a}.Debug|Any CPU.Build.0 = Debug|Any CPU
		{a7fc89e3-14ca-fb82-7d67-c13788bee74a}.Release|Any CPU.ActiveCfg = Release|Any CPU
		{a7fc89e3-14ca-fb82-7d67-c13788bee74a}.Release|Any CPU.Build.0 = Release|Any CPU
		{b813e4c7-10f6-4f4d-0de5-991510834dc3}.Debug|Any CPU.ActiveCfg = Debug|Any CPU
		{b813e4c7-10f6-4f4d-0de5-991510834dc3}.Debug|Any CPU.Build.0 = Debug|Any CPU
		{b813e4c7-10f6-4f4d-0de5-991510834dc3}.Release|Any CPU.ActiveCfg = Release|Any CPU
		{b813e4c7-10f6-4f4d-0de5-991510834dc3}.Release|Any CPU.Build.0 = Release|Any CPU
	EndGlobalSection
	GlobalSection(SolutionProperties) = preSolution
		HideSolutionNode = FALSE
	EndGlobalSection
EndGlobal
